
Microsoft Visual Studio Solution File, Format Version 12.00
# Visual Studio Version 17
VisualStudioVersion = 17.7.34003.232
MinimumVisualStudioVersion = 10.0.40219.1
Project("{8BC9CEB8-8B4A-11D0-8D11-00A0C91BC942}") = "Myxiaoxiaole", "Myxiaoxiaole.vcxproj", "{B400C5BC-80C3-43D7-9869-E6A86EC5EE08}"
EndProject
Global
	GlobalSection(SolutionConfigurationPlatforms) = preSolution
		Debug|x64 = Debug|x64
		Debug|x86 = Debug|x86
		Release|x64 = Release|x64
		Release|x86 = Release|x86
	EndGlobalSection
	GlobalSection(ProjectConfigurationPlatforms) = postSolution
		{B400C5BC-80C3-43D7-9869-E6A86EC5EE08}.Debug|x64.ActiveCfg = Debug|x64
		{B400C5BC-80C3-43D7-9869-E6A86EC5EE08}.Debug|x64.Build.0 = Debug|x64
		{B400C5BC-80C3-43D7-9869-E6A86EC5EE08}.Debug|x86.ActiveCfg = Debug|Win32
		{B400C5BC-80C3-43D7-9869-E6A86EC5EE08}.Debug|x86.Build.0 = Debug|Win32
		{B400C5BC-80C3-43D7-9869-E6A86EC5EE08}.Release|x64.ActiveCfg = Release|x64
		{B400C5BC-80C3-43D7-9869-E6A86EC5EE08}.Release|x64.Build.0 = Release|x64
		{B400C5BC-80C3-43D7-9869-E6A86EC5EE08}.Release|x86.ActiveCfg = Release|Win32
		{B400C5BC-80C3-43D7-9869-E6A86EC5EE08}.Release|x86.Build.0 = Release|Win32
	EndGlobalSection
	GlobalSection(SolutionProperties) = preSolution
		HideSolutionNode = FALSE
	EndGlobalSection
	GlobalSection(ExtensibilityGlobals) = postSolution
		SolutionGuid = {23164E97-C037-42D8-BF70-1C6B99C3D280}
	EndGlobalSection
EndGlobal
